{
  "name": "superwork-world-starter",
  "version": "0.1.0",
  "lockfileVersion": 3,
  "requires": true,
  "packages": {
    "": {
      "name": "superwork-world-starter",
      "version": "0.1.0",
      "license": "SEE LICENSE IN LICENSE",
      "dependencies": {
        "@superwork/cli": "^1.0.0",
        "@superwork/world-spec": "^1.0.0"
      }
    },
    "node_modules/@superwork/cli": {
      "version": "1.1.1",
      "resolved": "https://registry.npmjs.org/@superwork/cli/-/cli-1.1.1.tgz",
      "integrity": "sha512-nYvjTa3eo1GFAZWFgE8LHOtqVh3alAqc0+melKa0kCIaknSmRGTLTV1oEA3u/cjDUp3nrTTe294xdKrKVyIqtA==",
      "license": "MIT",
      "dependencies": {
        "@superwork/world-spec": "^1.1.1"
      },
      "bin": {
        "superwork": "dist/index.js"
      },
      "engines": {
        "node": ">=20"
      }
    },
    "node_modules/@superwork/world-spec": {
      "version": "1.1.1",
      "resolved": "https://registry.npmjs.org/@superwork/world-spec/-/world-spec-1.1.1.tgz",
      "integrity": "sha512-zEDjVR2v/PEllDsyKTv2vIulP1CPJCk/VcPQpjRqg96RGqoefLdnMG7nAKpSffWmsmz5mUB54YLdd+oS8LBJ8Q==",
      "license": "MIT",
      "dependencies": {
        "yaml": "^2.4.0"
      },
      "engines": {
        "node": ">=20"
      }
    },
    "node_modules/yaml": {
      "version": "2.9.1",
      "resolved": "https://registry.npmjs.org/yaml/-/yaml-2.9.1.tgz",
      "integrity": "sha512-3NxN8+78OdzbT7C/WjGsyfPAtJaN3FNDsWxv7Y7mcDsT/oOmgW8BpyQQFFBnvZE3j9Y2Sdz1ULFLezL7Eb2yFw==",
      "license": "ISC",
      "bin": {
        "yaml": "bin.mjs"
      },
      "engines": {
        "node": ">= 14.6"
      },
      "funding": {
        "url": "https://github.com/sponsors/eemeli"
      }
    }
  }
}
